Microsoft Visual Studio Solution File, Format Version 12.00
# Visual Studio Version 17
VisualStudioVersion = 17.5.2.0
MinimumVisualStudioVersion = 10.0.40219.1
Project("{FAE04EC0-301F-11D3-BF4B-00C04F79EFBC}") = "VideoLesson", "VideoLesson.csproj", "{14C638A2-0727-2581-D0C5-3FBFC3C95BE4}"
EndProject
Global
	GlobalSection(SolutionConfigurationPlatforms) = preSolution
		Debug|Any CPU = Debug|Any CPU
		Release|Any CPU = Release|Any CPU
	EndGlobalSection
	GlobalSection(ProjectConfigurationPlatforms) = postSolution
		{14C638A2-0727-2581-D0C5-3FBFC3C95BE4}.Debug|Any CPU.ActiveCfg = Debug|Any CPU
		{14C638A2-0727-2581-D0C5-3FBFC3C95BE4}.Debug|Any CPU.Build.0 = Debug|Any CPU
		{14C638A2-0727-2581-D0C5-3FBFC3C95BE4}.Release|Any CPU.ActiveCfg = Release|Any CPU
		{14C638A2-0727-2581-D0C5-3FBFC3C95BE4}.Release|Any CPU.Build.0 = Release|Any CPU
	EndGlobalSection
	GlobalSection(SolutionProperties) = preSolution
		HideSolutionNode = FALSE
	EndGlobalSection
	GlobalSection(ExtensibilityGlobals) = postSolution
		SolutionGuid = {20E41736-B474-4379-A904-26E2B3D21710}
	EndGlobalSection
EndGlobal
